
Microsoft Visual Studio Solution File, Format Version 12.00
# Visual Studio Version 16
VisualStudioVersion = 16.0.33927.289
MinimumVisualStudioVersion = 10.0.40219.1
Project("{2150E333-8FDC-42A3-9474-1A3956D46DE8}") = "Task0", "Task0", "{192C1428-BDC5-4BB5-9504-1EBC4E1BE6CC}"
EndProject
Project("{FAE04EC0-301F-11D3-BF4B-00C04F79EFBC}") = "Tyuiu.PoleschukKR.Sprint6.Task0.V24.Lib", "Tyuiu.PoleschukKR.Sprint6.Task0.V24.Lib\Tyuiu.PoleschukKR.Sprint6.Task0.V24.Lib.csproj", "{629C362D-0F27-4924-9D11-C6FF99565E15}"
EndProject
Project("{FAE04EC0-301F-11D3-BF4B-00C04F79EFBC}") = "Tyuiu.PoleschukKR.Sprint6.Task0.V24.Test", "Tyuiu.PoleschukKR.Sprint6.Task0.V24.Test\Tyuiu.PoleschukKR.Sprint6.Task0.V24.Test.csproj", "{12B263BB-D1EC-4C1F-864E-563CC2A4F866}"
EndProject
Project("{FAE04EC0-301F-11D3-BF4B-00C04F79EFBC}") = "Tyuiu.PoleschukKR.Sprint6.Task0.V24", "Tyuiu.PoleschukKR.Sprint6.Task0.V24\Tyuiu.PoleschukKR.Sprint6.Task0.V24.csproj", "{3AF48C07-F681-4D1B-87B0-C942038E8D27}"
EndProject
Project("{2150E333-8FDC-42A3-9474-1A3956D46DE8}") = "Task1", "Task1", "{E42C41B9-908C-4E3F-B4E5-52A69F176898}"
EndProject
Project("{FAE04EC0-301F-11D3-BF4B-00C04F79EFBC}") = "Tyuiu.PoleschukKR.Sprint6.Task1.V3.Lib", "Tyuiu.PoleschukKR.Sprint6.Task1.V3.Lib\Tyuiu.PoleschukKR.Sprint6.Task1.V3.Lib.csproj", "{F782AB5B-F2DA-49FF-B054-1864128239A1}"
EndProject
Project("{FAE04EC0-301F-11D3-BF4B-00C04F79EFBC}") = "Tyuiu.PoleschukKR.Sprint6.Task1.V3.Test", "Tyuiu.PoleschukKR.Sprint6.Task1.V3.Test\Tyuiu.PoleschukKR.Sprint6.Task1.V3.Test.csproj", "{B5C160F0-52B6-4498-B8E9-F41AF0F5C2F8}"
EndProject
Project("{FAE04EC0-301F-11D3-BF4B-00C04F79EFBC}") = "Tyuiu.PoleschukKR.Sprint6.Task1.V3", "Tyuiu.PoleschukKR.Sprint6.Task1.V3\Tyuiu.PoleschukKR.Sprint6.Task1.V3.csproj", "{B9683E3D-E3BF-4417-B43E-DA90CAD215DB}"
EndProject
Project("{2150E333-8FDC-42A3-9474-1A3956D46DE8}") = "Task2", "Task2", "{C5A27A50-CC60-40A4-A8E8-0305C47DC3C5}"
EndProject
Project("{FAE04EC0-301F-11D3-BF4B-00C04F79EFBC}") = "Tyuiu.PoleschukKR.Sprint6.Task2.V27.Lib", "Tyuiu.PoleschukKR.Sprint6.Task2.V27.Lib\Tyuiu.PoleschukKR.Sprint6.Task2.V27.Lib.csproj", "{8A4C16E5-E8DB-4F88-B01D-60A64440D60B}"
EndProject
Project("{FAE04EC0-301F-11D3-BF4B-00C04F79EFBC}") = "Tyuiu.PoleschukKR.Sprint6.Task2.V27.Test", "Tyuiu.PoleschukKR.Sprint6.Task2.V27.Test\Tyuiu.PoleschukKR.Sprint6.Task2.V27.Test.csproj", "{B6AAF2E7-05B7-4747-8092-6F8B85251C38}"
EndProject
Project("{FAE04EC0-301F-11D3-BF4B-00C04F79EFBC}") = "Tyuiu.PoleschukKR.Sprint6.Task2.V27", "Tyuiu.PoleschukKR.Sprint6.Task2.V27\Tyuiu.PoleschukKR.Sprint6.Task2.V27.csproj", "{057CB855-542D-4F9A-9FD2-4F2A9F1AC907}"
EndProject
Project("{2150E333-8FDC-42A3-9474-1A3956D46DE8}") = "Task3", "Task3", "{6AAC0822-61DF-4712-A43D-7EC2AA6BC5BF}"
EndProject
Project("{FAE04EC0-301F-11D3-BF4B-00C04F79EFBC}") = "Tyuiu.PoleschukKR.Sprint6.Task3.V22.Lib", "Tyuiu.PoleschukKR.Sprint6.Task3.V22.Lib\Tyuiu.PoleschukKR.Sprint6.Task3.V22.Lib.csproj", "{8A4EFA0A-8349-497D-BCC4-B904C86C8858}"
EndProject
Project("{FAE04EC0-301F-11D3-BF4B-00C04F79EFBC}") = "Tyuiu.PoleschukKR.Sprint6.Task3.V22.Test", "Tyuiu.PoleschukKR.Sprint6.Task3.V22.Test\Tyuiu.PoleschukKR.Sprint6.Task3.V22.Test.csproj", "{08735BD9-19BE-41D5-9E45-F0745449C533}"
EndProject
Project("{FAE04EC0-301F-11D3-BF4B-00C04F79EFBC}") = "Tyuiu.PoleschukKR.Sprint6.Task3.V22", "Tyuiu.PoleschukKR.Sprint6.Task3.V22\Tyuiu.PoleschukKR.Sprint6.Task3.V22.csproj", "{8760691C-B53E-4D3B-8A2D-FE18BCB193FC}"
EndProject
Project("{2150E333-8FDC-42A3-9474-1A3956D46DE8}") = "Task4", "Task4", "{36527E90-BC98-4EA6-88C7-6ADFEFFC2A63}"
EndProject
Project("{FAE04EC0-301F-11D3-BF4B-00C04F79EFBC}") = "Tyuiu.PoleschukKR.Sprint6.Task4.V8.Lib", "Tyuiu.PoleschukKR.Sprint6.Task4.V8.Lib\Tyuiu.PoleschukKR.Sprint6.Task4.V8.Lib.csproj", "{FDF6181C-95C3-4988-9D05-F9FD6D608E4D}"
EndProject
Project("{FAE04EC0-301F-11D3-BF4B-00C04F79EFBC}") = "Tyuiu.PoleschukKR.Sprint6.Task4.V8.Test", "Tyuiu.PoleschukKR.Sprint6.Task4.V8.Test\Tyuiu.PoleschukKR.Sprint6.Task4.V8.Test.csproj", "{E1613A5C-3827-45E6-9042-A3A1789E91EC}"
EndProject
Project("{FAE04EC0-301F-11D3-BF4B-00C04F79EFBC}") = "Tyuiu.PoleschukKR.Sprint6.Task4.V8", "Tyuiu.PoleschukKR.Sprint6.Task4.V8\Tyuiu.PoleschukKR.Sprint6.Task4.V8.csproj", "{7DE4DFAB-3553-4BBF-9093-C4161767DFB8}"
EndProject
Global
	GlobalSection(SolutionConfigurationPlatforms) = preSolution
		Debug|Any CPU = Debug|Any CPU
		Release|Any CPU = Release|Any CPU
	EndGlobalSection
	GlobalSection(ProjectConfigurationPlatforms) = postSolution
		{629C362D-0F27-4924-9D11-C6FF99565E15}.Debug|Any CPU.ActiveCfg = Debug|Any CPU
		{629C362D-0F27-4924-9D11-C6FF99565E15}.Debug|Any CPU.Build.0 = Debug|Any CPU
		{629C362D-0F27-4924-9D11-C6FF99565E15}.Release|Any CPU.ActiveCfg = Release|Any CPU
		{629C362D-0F27-4924-9D11-C6FF99565E15}.Release|Any CPU.Build.0 = Release|Any CPU
		{12B263BB-D1EC-4C1F-864E-563CC2A4F866}.Debug|Any CPU.ActiveCfg = Debug|Any CPU
		{12B263BB-D1EC-4C1F-864E-563CC2A4F866}.Debug|Any CPU.Build.0 = Debug|Any CPU
		{12B263BB-D1EC-4C1F-864E-563CC2A4F866}.Release|Any CPU.ActiveCfg = Release|Any CPU
		{12B263BB-D1EC-4C1F-864E-563CC2A4F866}.Release|Any CPU.Build.0 = Release|Any CPU
		{3AF48C07-F681-4D1B-87B0-C942038E8D27}.Debug|Any CPU.ActiveCfg = Debug|Any CPU
		{3AF48C07-F681-4D1B-87B0-C942038E8D27}.Debug|Any CPU.Build.0 = Debug|Any CPU
		{3AF48C07-F681-4D1B-87B0-C942038E8D27}.Release|Any CPU.ActiveCfg = Release|Any CPU
		{3AF48C07-F681-4D1B-87B0-C942038E8D27}.Release|Any CPU.Build.0 = Release|Any CPU
		{F782AB5B-F2DA-49FF-B054-1864128239A1}.Debug|Any CPU.ActiveCfg = Debug|Any CPU
		{F782AB5B-F2DA-49FF-B054-1864128239A1}.Debug|Any CPU.Build.0 = Debug|Any CPU
		{F782AB5B-F2DA-49FF-B054-1864128239A1}.Release|Any CPU.ActiveCfg = Release|Any CPU
		{F782AB5B-F2DA-49FF-B054-1864128239A1}.Release|Any CPU.Build.0 = Release|Any CPU
		{B5C160F0-52B6-4498-B8E9-F41AF0F5C2F8}.Debug|Any CPU.ActiveCfg = Debug|Any CPU
		{B5C160F0-52B6-4498-B8E9-F41AF0F5C2F8}.Debug|Any CPU.Build.0 = Debug|Any CPU
		{B5C160F0-52B6-4498-B8E9-F41AF0F5C2F8}.Release|Any CPU.ActiveCfg = Release|Any CPU
		{B5C160F0-52B6-4498-B8E9-F41AF0F5C2F8}.Release|Any CPU.Build.0 = Release|Any CPU
		{B9683E3D-E3BF-4417-B43E-DA90CAD215DB}.Debug|Any CPU.ActiveCfg = Debug|Any CPU
		{B9683E3D-E3BF-4417-B43E-DA90CAD215DB}.Debug|Any CPU.Build.0 = Debug|Any CPU
		{B9683E3D-E3BF-4417-B43E-DA90CAD215DB}.Release|Any CPU.ActiveCfg = Release|Any CPU
		{B9683E3D-E3BF-4417-B43E-DA90CAD215DB}.Release|Any CPU.Build.0 = Release|Any CPU
		{8A4C16E5-E8DB-4F88-B01D-60A64440D60B}.Debug|Any CPU.ActiveCfg = Debug|Any CPU
		{8A4C16E5-E8DB-4F88-B01D-60A64440D60B}.Debug|Any CPU.Build.0 = Debug|Any CPU
		{8A4C16E5-E8DB-4F88-B01D-60A64440D60B}.Release|Any CPU.ActiveCfg = Release|Any CPU
		{8A4C16E5-E8DB-4F88-B01D-60A64440D60B}.Release|Any CPU.Build.0 = Release|Any CPU
		{B6AAF2E7-05B7-4747-8092-6F8B85251C38}.Debug|Any CPU.ActiveCfg = Debug|Any CPU
		{B6AAF2E7-05B7-4747-8092-6F8B85251C38}.Debug|Any CPU.Build.0 = Debug|Any CPU
		{B6AAF2E7-05B7-4747-8092-6F8B85251C38}.Release|Any CPU.ActiveCfg = Release|Any CPU
		{B6AAF2E7-05B7-4747-8092-6F8B85251C38}.Release|Any CPU.Build.0 = Release|Any CPU
		{057CB855-542D-4F9A-9FD2-4F2A9F1AC907}.Debug|Any CPU.ActiveCfg = Debug|Any CPU
		{057CB855-542D-4F9A-9FD2-4F2A9F1AC907}.Debug|Any CPU.Build.0 = Debug|Any CPU
		{057CB855-542D-4F9A-9FD2-4F2A9F1AC907}.Release|Any CPU.ActiveCfg = Release|Any CPU
		{057CB855-542D-4F9A-9FD2-4F2A9F1AC907}.Release|Any CPU.Build.0 = Release|Any CPU
		{8A4EFA0A-8349-497D-BCC4-B904C86C8858}.Debug|Any CPU.ActiveCfg = Debug|Any CPU
		{8A4EFA0A-8349-497D-BCC4-B904C86C8858}.Debug|Any CPU.Build.0 = Debug|Any CPU
		{8A4EFA0A-8349-497D-BCC4-B904C86C8858}.Release|Any CPU.ActiveCfg = Release|Any CPU
		{8A4EFA0A-8349-497D-BCC4-B904C86C8858}.Release|Any CPU.Build.0 = Release|Any CPU
		{08735BD9-19BE-41D5-9E45-F0745449C533}.Debug|Any CPU.ActiveCfg = Debug|Any CPU
		{08735BD9-19BE-41D5-9E45-F0745449C533}.Debug|Any CPU.Build.0 = Debug|Any CPU
		{08735BD9-19BE-41D5-9E45-F0745449C533}.Release|Any CPU.ActiveCfg = Release|Any CPU
		{08735BD9-19BE-41D5-9E45-F0745449C533}.Release|Any CPU.Build.0 = Release|Any CPU
		{8760691C-B53E-4D3B-8A2D-FE18BCB193FC}.Debug|Any CPU.ActiveCfg = Debug|Any CPU
		{8760691C-B53E-4D3B-8A2D-FE18BCB193FC}.Debug|Any CPU.Build.0 = Debug|Any CPU
		{8760691C-B53E-4D3B-8A2D-FE18BCB193FC}.Release|Any CPU.ActiveCfg = Release|Any CPU
		{8760691C-B53E-4D3B-8A2D-FE18BCB193FC}.Release|Any CPU.Build.0 = Release|Any CPU
		{FDF6181C-95C3-4988-9D05-F9FD6D608E4D}.Debug|Any CPU.ActiveCfg = Debug|Any CPU
		{FDF6181C-95C3-4988-9D05-F9FD6D608E4D}.Debug|Any CPU.Build.0 = Debug|Any CPU
		{FDF6181C-95C3-4988-9D05-F9FD6D608E4D}.Release|Any CPU.ActiveCfg = Release|Any CPU
		{FDF6181C-95C3-4988-9D05-F9FD6D608E4D}.Release|Any CPU.Build.0 = Release|Any CPU
		{E1613A5C-3827-45E6-9042-A3A1789E91EC}.Debug|Any CPU.ActiveCfg = Debug|Any CPU
		{E1613A5C-3827-45E6-9042-A3A1789E91EC}.Debug|Any CPU.Build.0 = Debug|Any CPU
		{E1613A5C-3827-45E6-9042-A3A1789E91EC}.Release|Any CPU.ActiveCfg = Release|Any CPU
		{E1613A5C-3827-45E6-9042-A3A1789E91EC}.Release|Any CPU.Build.0 = Release|Any CPU
		{7DE4DFAB-3553-4BBF-9093-C4161767DFB8}.Debug|Any CPU.ActiveCfg = Debug|Any CPU
		{7DE4DFAB-3553-4BBF-9093-C4161767DFB8}.Debug|Any CPU.Build.0 = Debug|Any CPU
		{7DE4DFAB-3553-4BBF-9093-C4161767DFB8}.Release|Any CPU.ActiveCfg = Release|Any CPU
		{7DE4DFAB-3553-4BBF-9093-C4161767DFB8}.Release|Any CPU.Build.0 = Release|Any CPU
	EndGlobalSection
	GlobalSection(SolutionProperties) = preSolution
		HideSolutionNode = FALSE
	EndGlobalSection
	GlobalSection(NestedProjects) = preSolution
		{629C362D-0F27-4924-9D11-C6FF99565E15} = {192C1428-BDC5-4BB5-9504-1EBC4E1BE6CC}
		{12B263BB-D1EC-4C1F-864E-563CC2A4F866} = {192C1428-BDC5-4BB5-9504-1EBC4E1BE6CC}
		{3AF48C07-F681-4D1B-87B0-C942038E8D27} = {192C1428-BDC5-4BB5-9504-1EBC4E1BE6CC}
		{F782AB5B-F2DA-49FF-B054-1864128239A1} = {E42C41B9-908C-4E3F-B4E5-52A69F176898}
		{B5C160F0-52B6-4498-B8E9-F41AF0F5C2F8} = {E42C41B9-908C-4E3F-B4E5-52A69F176898}
		{B9683E3D-E3BF-4417-B43E-DA90CAD215DB} = {E42C41B9-908C-4E3F-B4E5-52A69F176898}
		{8A4C16E5-E8DB-4F88-B01D-60A64440D60B} = {C5A27A50-CC60-40A4-A8E8-0305C47DC3C5}
		{B6AAF2E7-05B7-4747-8092-6F8B85251C38} = {C5A27A50-CC60-40A4-A8E8-0305C47DC3C5}
		{057CB855-542D-4F9A-9FD2-4F2A9F1AC907} = {C5A27A50-CC60-40A4-A8E8-0305C47DC3C5}
		{8A4EFA0A-8349-497D-BCC4-B904C86C8858} = {6AAC0822-61DF-4712-A43D-7EC2AA6BC5BF}
		{08735BD9-19BE-41D5-9E45-F0745449C533} = {6AAC0822-61DF-4712-A43D-7EC2AA6BC5BF}
		{8760691C-B53E-4D3B-8A2D-FE18BCB193FC} = {6AAC0822-61DF-4712-A43D-7EC2AA6BC5BF}
		{FDF6181C-95C3-4988-9D05-F9FD6D608E4D} = {36527E90-BC98-4EA6-88C7-6ADFEFFC2A63}
		{E1613A5C-3827-45E6-9042-A3A1789E91EC} = {36527E90-BC98-4EA6-88C7-6ADFEFFC2A63}
		{7DE4DFAB-3553-4BBF-9093-C4161767DFB8} = {36527E90-BC98-4EA6-88C7-6ADFEFFC2A63}
	EndGlobalSection
	GlobalSection(ExtensibilityGlobals) = postSolution
		SolutionGuid = {BB4A6CD3-5775-4CC1-821A-C73223491745}
	EndGlobalSection
EndGlobal
